// !$*UTF8*$!
{
	archiveVersion = 1;
	classes = {
	};
	objectVersion = 77;
	objects = {

/* Begin PBXBuildFile section */
		070CDFD1F7AC04313C762B03 /* BeachWalkView.swift in Sources */ = {isa = PBXBuildFile; fileRef = 428F75D0EA7C49E8B29C6687 /* BeachWalkView.swift */; };
		17E9C8DD1F965D0BDFEFDF14 /* StrandApp.swift in Sources */ = {isa = PBXBuildFile; fileRef = 098356A9AD4ECC4271276BAD /* StrandApp.swift */; };
		1B1399EDF0D0A6181C31CD30 /* ContentView.swift in Sources */ = {isa = PBXBuildFile; fileRef = EDAE6690AE9518CC7E7A0215 /* ContentView.swift */; };
		5B898008E639EC3E8A4EEE38 /* ChartView.swift in Sources */ = {isa = PBXBuildFile; fileRef = 18FB5ACC469E5D5636D23FC8 /* ChartView.swift */; };
		7269B07E278D6952FF1A6AEC /* AstronomyService.swift in Sources */ = {isa = PBXBuildFile; fileRef = 2C3D129F1B94B3AA82CA0916 /* AstronomyService.swift */; };
		94362AF0DA705C14FA45AD44 /* TideViewModel.swift in Sources */ = {isa = PBXBuildFile; fileRef = 43493A1B112812438249B6F3 /* TideViewModel.swift */; };
		9710D1C6517102085CDA3038 /* TideModels.swift in Sources */ = {isa = PBXBuildFile; fileRef = FA039B176B6568DDD9B77A63 /* TideModels.swift */; };
		A75FDD29D391D0A08C73F022 /* TableView.swift in Sources */ = {isa = PBXBuildFile; fileRef = 8E08E74456BF3AC82D99827E /* TableView.swift */; };
		B62362ECC5E270434E48CAF2 /* TideCache.swift in Sources */ = {isa = PBXBuildFile; fileRef = DCB295F2DDA0CF07227EF2F5 /* TideCache.swift */; };
		D5F544992D315DE0D5EE7866 /* TideService.swift in Sources */ = {isa = PBXBuildFile; fileRef = 4385D3CD3D3C80B9C3E8D8A5 /* TideService.swift */; };
		DECB0F5DF52D1F0D7730889B /* SettingsView.swift in Sources */ = {isa = PBXBuildFile; fileRef = EA028AEAC3247188CB0EB539 /* SettingsView.swift */; };
/* End PBXBuildFile section */

/* Begin PBXFileReference section */
		098356A9AD4ECC4271276BAD /* StrandApp.swift */ = {isa = PBXFileReference; lastKnownFileType = sourcecode.swift; path = StrandApp.swift; sourceTree = "<group>"; };
		18FB5ACC469E5D5636D23FC8 /* ChartView.swift */ = {isa = PBXFileReference; lastKnownFileType = sourcecode.swift; path = ChartView.swift; sourceTree = "<group>"; };
		1F455BDF21623385D050052D /* Strand.app */ = {isa = PBXFileReference; includeInIndex = 0; lastKnownFileType = wrapper.application; path = Strand.app; sourceTree = BUILT_PRODUCTS_DIR; };
		2C3D129F1B94B3AA82CA0916 /* AstronomyService.swift */ = {isa = PBXFileReference; lastKnownFileType = sourcecode.swift; path = AstronomyService.swift; sourceTree = "<group>"; };
		428F75D0EA7C49E8B29C6687 /* BeachWalkView.swift */ = {isa = PBXFileReference; lastKnownFileType = sourcecode.swift; path = BeachWalkView.swift; sourceTree = "<group>"; };
		43493A1B112812438249B6F3 /* TideViewModel.swift */ = {isa = PBXFileReference; lastKnownFileType = sourcecode.swift; path = TideViewModel.swift; sourceTree = "<group>"; };
		4385D3CD3D3C80B9C3E8D8A5 /* TideService.swift */ = {isa = PBXFileReference; lastKnownFileType = sourcecode.swift; path = TideService.swift; sourceTree = "<group>"; };
		8E08E74456BF3AC82D99827E /* TableView.swift */ = {isa = PBXFileReference; lastKnownFileType = sourcecode.swift; path = TableView.swift; sourceTree = "<group>"; };
		DCB295F2DDA0CF07227EF2F5 /* TideCache.swift */ = {isa = PBXFileReference; lastKnownFileType = sourcecode.swift; path = TideCache.swift; sourceTree = "<group>"; };
		EA028AEAC3247188CB0EB539 /* SettingsView.swift */ = {isa = PBXFileReference; lastKnownFileType = sourcecode.swift; path = SettingsView.swift; sourceTree = "<group>"; };
		EDAE6690AE9518CC7E7A0215 /* ContentView.swift */ = {isa = PBXFileReference; lastKnownFileType = sourcecode.swift; path = ContentView.swift; sourceTree = "<group>"; };
		FA039B176B6568DDD9B77A63 /* TideModels.swift */ = {isa = PBXFileReference; lastKnownFileType = sourcecode.swift; path = TideModels.swift; sourceTree = "<group>"; };
		FA55C59034089AD3E6C16D63 /* Info.plist */ = {isa = PBXFileReference; lastKnownFileType = text.plist; path = Info.plist; sourceTree = "<group>"; };
/* End PBXFileReference section */

/* Begin PBXGroup section */
		0497C8EA52DF82EAD330F728 /* Products */ = {
			isa = PBXGroup;
			children = (
				1F455BDF21623385D050052D /* Strand.app */,
			);
			name = Products;
			sourceTree = "<group>";
		};
		05B72E7FF27E6E92C1BD8432 /* Views */ = {
			isa = PBXGroup;
			children = (
				428F75D0EA7C49E8B29C6687 /* BeachWalkView.swift */,
				18FB5ACC469E5D5636D23FC8 /* ChartView.swift */,
				EA028AEAC3247188CB0EB539 /* SettingsView.swift */,
				8E08E74456BF3AC82D99827E /* TableView.swift */,
			);
			path = Views;
			sourceTree = "<group>";
		};
		4B3D27C5CF4E00E9334AB072 /* Models */ = {
			isa = PBXGroup;
			children = (
				FA039B176B6568DDD9B77A63 /* TideModels.swift */,
			);
			path = Models;
			sourceTree = "<group>";
		};
		4C3F8EB3C8A0C8E14C9B5131 /* Strand */ = {
			isa = PBXGroup;
			children = (
				EDAE6690AE9518CC7E7A0215 /* ContentView.swift */,
				FA55C59034089AD3E6C16D63 /* Info.plist */,
				098356A9AD4ECC4271276BAD /* StrandApp.swift */,
				4B3D27C5CF4E00E9334AB072 /* Models */,
				BDDE950AC30C6FA45EB64D8D /* Services */,
				5586DBC263A4932566673FDC /* ViewModels */,
				05B72E7FF27E6E92C1BD8432 /* Views */,
			);
			path = Strand;
			sourceTree = "<group>";
		};
		5586DBC263A4932566673FDC /* ViewModels */ = {
			isa = PBXGroup;
			children = (
				43493A1B112812438249B6F3 /* TideViewModel.swift */,
			);
			path = ViewModels;
			sourceTree = "<group>";
		};
		98675DE8264E7501253BBBCA = {
			isa = PBXGroup;
			children = (
				4C3F8EB3C8A0C8E14C9B5131 /* Strand */,
				0497C8EA52DF82EAD330F728 /* Products */,
			);
			sourceTree = "<group>";
		};
		BDDE950AC30C6FA45EB64D8D /* Services */ = {
			isa = PBXGroup;
			children = (
				2C3D129F1B94B3AA82CA0916 /* AstronomyService.swift */,
				DCB295F2DDA0CF07227EF2F5 /* TideCache.swift */,
				4385D3CD3D3C80B9C3E8D8A5 /* TideService.swift */,
			);
			path = Services;
			sourceTree = "<group>";
		};
/* End PBXGroup section */

/* Begin PBXNativeTarget section */
		A20C526AADBE62B508570EA4 /* Strand */ = {
			isa = PBXNativeTarget;
			buildConfigurationList = 954E11B078688E7AAE145D61 /* Build configuration list for PBXNativeTarget "Strand" */;
			buildPhases = (
				3CD6E2216EB5830EBE7D63C9 /* Sources */,
			);
			buildRules = (
			);
			dependencies = (
			);
			name = Strand;
			packageProductDependencies = (
			);
			productName = Strand;
			productReference = 1F455BDF21623385D050052D /* Strand.app */;
			productType = "com.apple.product-type.application";
		};
/* End PBXNativeTarget section */

/* Begin PBXProject section */
		680A90FCF3461E4467905AE3 /* Project object */ = {
			isa = PBXProject;
			attributes = {
				BuildIndependentTargetsInParallel = YES;
				LastUpgradeCheck = 1500;
				TargetAttributes = {
					A20C526AADBE62B508570EA4 = {
						ProvisioningStyle = Automatic;
					};
				};
			};
			buildConfigurationList = 825174A9A6EE31413F3BDAE8 /* Build configuration list for PBXProject "Strand" */;
			developmentRegion = en;
			hasScannedForEncodings = 0;
			knownRegions = (
				Base,
				en,
			);
			mainGroup = 98675DE8264E7501253BBBCA;
			minimizedProjectReferenceProxies = 1;
			preferredProjectObjectVersion = 77;
			productRefGroup = 0497C8EA52DF82EAD330F728 /* Products */;
			projectDirPath = "";
			projectRoot = "";
			targets = (
				A20C526AADBE62B508570EA4 /* Strand */,
			);
		};
/* End PBXProject section */

/* Begin PBXSourcesBuildPhase section */
		3CD6E2216EB5830EBE7D63C9 /* Sources */ = {
			isa = PBXSourcesBuildPhase;
			buildActionMask = 2147483647;
			files = (
				7269B07E278D6952FF1A6AEC /* AstronomyService.swift in Sources */,
				070CDFD1F7AC04313C762B03 /* BeachWalkView.swift in Sources */,
				5B898008E639EC3E8A4EEE38 /* ChartView.swift in Sources */,
				1B1399EDF0D0A6181C31CD30 /* ContentView.swift in Sources */,
				DECB0F5DF52D1F0D7730889B /* SettingsView.swift in Sources */,
				17E9C8DD1F965D0BDFEFDF14 /* StrandApp.swift in Sources */,
				A75FDD29D391D0A08C73F022 /* TableView.swift in Sources */,
				B62362ECC5E270434E48CAF2 /* TideCache.swift in Sources */,
				9710D1C6517102085CDA3038 /* TideModels.swift in Sources */,
				D5F544992D315DE0D5EE7866 /* TideService.swift in Sources */,
				94362AF0DA705C14FA45AD44 /* TideViewModel.swift in Sources */,
			);
			runOnlyForDeploymentPostprocessing = 0;
		};
/* End PBXSourcesBuildPhase section */

/* Begin XCBuildConfiguration section */
		01DC0922AA823A8EAADDC6C1 /* Release */ = {
			isa = XCBuildConfiguration;
			buildSettings = {
				ASSETCATALOG_COMPILER_APPICON_NAME = AppIcon;
				CODE_SIGN_IDENTITY = "iPhone Developer";
				INFOPLIST_FILE = Strand/Info.plist;
				LD_RUNPATH_SEARCH_PATHS = (
					"$(inherited)",
					"@executable_path/Frameworks",
				);
				SDKROOT = iphoneos;
				TARGETED_DEVICE_FAMILY = "1,2";
			};
			name = Release;
		};
		03245EF5A3A26347EB20AA2A /* Debug */ = {
			isa = XCBuildConfiguration;
			buildSettings = {
				ASSETCATALOG_COMPILER_APPICON_NAME = AppIcon;
				CODE_SIGN_IDENTITY = "iPhone Developer";
				INFOPLIST_FILE = Strand/Info.plist;
				LD_RUNPATH_SEARCH_PATHS = (
					"$(inherited)",
					"@executable_path/Frameworks",
				);
				SDKROOT = iphoneos;
				TARGETED_DEVICE_FAMILY = "1,2";
			};
			name = Debug;
		};
		2CB5CEE07F2585427C226CAE /* Release */ = {
			isa = XCBuildConfiguration;
			buildSettings = {
				ALWAYS_SEARCH_USER_PATHS = NO;
				CLANG_ANALYZER_NONNULL = YES;
				CLANG_ANALYZER_NUMBER_OBJECT_CONVERSION = YES_AGGRESSIVE;
				CLANG_CXX_LANGUAGE_STANDARD = "gnu++14";
				CLANG_CXX_LIBRARY = "libc++";
				CLANG_ENABLE_MODULES = YES;
				CLANG_ENABLE_OBJC_ARC = YES;
				CLANG_ENABLE_OBJC_WEAK = YES;
				CLANG_WARN_BLOCK_CAPTURE_AUTORELEASING = YES;
				CLANG_WARN_BOOL_CONVERSION = YES;
				CLANG_WARN_COMMA = YES;
				CLANG_WARN_CONSTANT_CONVERSION = YES;
				CLANG_WARN_DEPRECATED_OBJC_IMPLEMENTATIONS = YES;
				CLANG_WARN_DIRECT_OBJC_ISA_USAGE = YES_ERROR;
				CLANG_WARN_DOCUMENTATION_COMMENTS = YES;
				CLANG_WARN_EMPTY_BODY = YES;
				CLANG_WARN_ENUM_CONVERSION = YES;
				CLANG_WARN_INFINITE_RECURSION = YES;
				CLANG_WARN_INT_CONVERSION = YES;
				CLANG_WARN_NON_LITERAL_NULL_CONVERSION = YES;
				CLANG_WARN_OBJC_IMPLICIT_RETAIN_SELF = YES;
				CLANG_WARN_OBJC_LITERAL_CONVERSION = YES;
				CLANG_WARN_OBJC_ROOT_CLASS = YES_ERROR;
				CLANG_WARN_QUOTED_INCLUDE_IN_FRAMEWORK_HEADER = YES;
				CLANG_WARN_RANGE_LOOP_ANALYSIS = YES;
				CLANG_WARN_STRICT_PROTOTYPES = YES;
				CLANG_WARN_SUSPICIOUS_MOVE = YES;
				CLANG_WARN_UNGUARDED_AVAILABILITY = YES_AGGRESSIVE;
				CLANG_WARN_UNREACHABLE_CODE = YES;
				CLANG_WARN__DUPLICATE_METHOD_MATCH = YES;
				CODE_SIGN_STYLE = Automatic;
				COPY_PHASE_STRIP = NO;
				CURRENT_PROJECT_VERSION = 1;
				DEBUG_INFORMATION_FORMAT = "dwarf-with-dsym";
				ENABLE_NS_ASSERTIONS = NO;
				ENABLE_STRICT_OBJC_MSGSEND = YES;
				GCC_C_LANGUAGE_STANDARD = gnu11;
				GCC_NO_COMMON_BLOCKS = YES;
				GCC_WARN_64_TO_32_BIT_CONVERSION = YES;
				GCC_WARN_ABOUT_RETURN_TYPE = YES_ERROR;
				GCC_WARN_UNDECLARED_SELECTOR = YES;
				GCC_WARN_UNINITIALIZED_AUTOS = YES_AGGRESSIVE;
				GCC_WARN_UNUSED_FUNCTION = YES;
				GCC_WARN_UNUSED_VARIABLE = YES;
				IPHONEOS_DEPLOYMENT_TARGET = 17.0;
				MARKETING_VERSION = 1.0;
				MTL_ENABLE_DEBUG_INFO = NO;
				MTL_FAST_MATH = YES;
				PRODUCT_BUNDLE_IDENTIFIER = de.dietmar.Strand;
				PRODUCT_NAME = "$(TARGET_NAME)";
				SDKROOT = iphoneos;
				SWIFT_COMPILATION_MODE = wholemodule;
				SWIFT_OPTIMIZATION_LEVEL = "-O";
				SWIFT_VERSION = 5.9;
			};
			name = Release;
		};
		984C9F73BD1CCE5BBB94B83F /* Debug */ = {
			isa = XCBuildConfiguration;
			buildSettings = {
				ALWAYS_SEARCH_USER_PATHS = NO;
				CLANG_ANALYZER_NONNULL = YES;
				CLANG_ANALYZER_NUMBER_OBJECT_CONVERSION = YES_AGGRESSIVE;
				CLANG_CXX_LANGUAGE_STANDARD = "gnu++14";
				CLANG_CXX_LIBRARY = "libc++";
				CLANG_ENABLE_MODULES = YES;
				CLANG_ENABLE_OBJC_ARC = YES;
				CLANG_ENABLE_OBJC_WEAK = YES;
				CLANG_WARN_BLOCK_CAPTURE_AUTORELEASING = YES;
				CLANG_WARN_BOOL_CONVERSION = YES;
				CLANG_WARN_COMMA = YES;
				CLANG_WARN_CONSTANT_CONVERSION = YES;
				CLANG_WARN_DEPRECATED_OBJC_IMPLEMENTATIONS = YES;
				CLANG_WARN_DIRECT_OBJC_ISA_USAGE = YES_ERROR;
				CLANG_WARN_DOCUMENTATION_COMMENTS = YES;
				CLANG_WARN_EMPTY_BODY = YES;
				CLANG_WARN_ENUM_CONVERSION = YES;
				CLANG_WARN_INFINITE_RECURSION = YES;
				CLANG_WARN_INT_CONVERSION = YES;
				CLANG_WARN_NON_LITERAL_NULL_CONVERSION = YES;
				CLANG_WARN_OBJC_IMPLICIT_RETAIN_SELF = YES;
				CLANG_WARN_OBJC_LITERAL_CONVERSION = YES;
				CLANG_WARN_OBJC_ROOT_CLASS = YES_ERROR;
				CLANG_WARN_QUOTED_INCLUDE_IN_FRAMEWORK_HEADER = YES;
				CLANG_WARN_RANGE_LOOP_ANALYSIS = YES;
				CLANG_WARN_STRICT_PROTOTYPES = YES;
				CLANG_WARN_SUSPICIOUS_MOVE = YES;
				CLANG_WARN_UNGUARDED_AVAILABILITY = YES_AGGRESSIVE;
				CLANG_WARN_UNREACHABLE_CODE = YES;
				CLANG_WARN__DUPLICATE_METHOD_MATCH = YES;
				CODE_SIGN_STYLE = Automatic;
				COPY_PHASE_STRIP = NO;
				CURRENT_PROJECT_VERSION = 1;
				DEBUG_INFORMATION_FORMAT = dwarf;
				ENABLE_STRICT_OBJC_MSGSEND = YES;
				ENABLE_TESTABILITY = YES;
				GCC_C_LANGUAGE_STANDARD = gnu11;
				GCC_DYNAMIC_NO_PIC = NO;
				GCC_NO_COMMON_BLOCKS = YES;
				GCC_OPTIMIZATION_LEVEL = 0;
				GCC_PREPROCESSOR_DEFINITIONS = (
					"$(inherited)",
					"DEBUG=1",
				);
				GCC_WARN_64_TO_32_BIT_CONVERSION = YES;
				GCC_WARN_ABOUT_RETURN_TYPE = YES_ERROR;
				GCC_WARN_UNDECLARED_SELECTOR = YES;
				GCC_WARN_UNINITIALIZED_AUTOS = YES_AGGRESSIVE;
				GCC_WARN_UNUSED_FUNCTION = YES;
				GCC_WARN_UNUSED_VARIABLE = YES;
				IPHONEOS_DEPLOYMENT_TARGET = 17.0;
				MARKETING_VERSION = 1.0;
				MTL_ENABLE_DEBUG_INFO = INCLUDE_SOURCE;
				MTL_FAST_MATH = YES;
				ONLY_ACTIVE_ARCH = YES;
				PRODUCT_BUNDLE_IDENTIFIER = de.dietmar.Strand;
				PRODUCT_NAME = "$(TARGET_NAME)";
				SDKROOT = iphoneos;
				SWIFT_ACTIVE_COMPILATION_CONDITIONS = DEBUG;
				SWIFT_OPTIMIZATION_LEVEL = "-Onone";
				SWIFT_VERSION = 5.9;
			};
			name = Debug;
		};
/* End XCBuildConfiguration section */

/* Begin XCConfigurationList section */
		825174A9A6EE31413F3BDAE8 /* Build configuration list for PBXProject "Strand" */ = {
			isa = XCConfigurationList;
			buildConfigurations = (
				984C9F73BD1CCE5BBB94B83F /* Debug */,
				2CB5CEE07F2585427C226CAE /* Release */,
			);
			defaultConfigurationIsVisible = 0;
			defaultConfigurationName = Debug;
		};
		954E11B078688E7AAE145D61 /* Build configuration list for PBXNativeTarget "Strand" */ = {
			isa = XCConfigurationList;
			buildConfigurations = (
				03245EF5A3A26347EB20AA2A /* Debug */,
				01DC0922AA823A8EAADDC6C1 /* Release */,
			);
			defaultConfigurationIsVisible = 0;
			defaultConfigurationName = Debug;
		};
/* End XCConfigurationList section */
	};
	rootObject = 680A90FCF3461E4467905AE3 /* Project object */;
}
